// !$*UTF8*$!
{
	archiveVersion = 1;
	classes = {
	};
	objectVersion = 46;
	objects = {

/* Begin PBXBuildFile section */
		7D2CD0851D1ABCA100403AA7 /* NSBezierPath+Arrow.swift in Sources */ = {isa = PBXBuildFile; fileRef = 7D2CD0841D1ABCA100403AA7 /* NSBezierPath+Arrow.swift */; };
		7D63EF9A1CEDB3E0001B5FE2 /* in.png in Resources */ = {isa = PBXBuildFile; fileRef = 7D63EF991CEDB3E0001B5FE2 /* in.png */; };
		7D77D6F21CE36241005D19F0 /* AppDelegate.swift in Sources */ = {isa = PBXBuildFile; fileRef = 7D77D6F11CE36241005D19F0 /* AppDelegate.swift */; };
		7D77D6F41CE36241005D19F0 /* ViewController.swift in Sources */ = {isa = PBXBuildFile; fileRef = 7D77D6F31CE36241005D19F0 /* ViewController.swift */; };
		7D77D6F61CE36241005D19F0 /* Assets.xcassets in Resources */ = {isa = PBXBuildFile; fileRef = 7D77D6F51CE36241005D19F0 /* Assets.xcassets */; };
		7D77D6F91CE36241005D19F0 /* Main.storyboard in Resources */ = {isa = PBXBuildFile; fileRef = 7D77D6F71CE36241005D19F0 /* Main.storyboard */; };
		7D77D7041CE36241005D19F0 /* TestDrawingViewTests.swift in Sources */ = {isa = PBXBuildFile; fileRef = 7D77D7031CE36241005D19F0 /* TestDrawingViewTests.swift */; };
		7D77D70F1CE36241005D19F0 /* TestDrawingViewUITests.swift in Sources */ = {isa = PBXBuildFile; fileRef = 7D77D70E1CE36241005D19F0 /* TestDrawingViewUITests.swift */; };
		7D77D71D1CE36298005D19F0 /* DrawingView.swift in Sources */ = {isa = PBXBuildFile; fileRef = 7D77D71C1CE36298005D19F0 /* DrawingView.swift */; };
		7D77D7201CE362B7005D19F0 /* Connection.swift in Sources */ = {isa = PBXBuildFile; fileRef = 7D77D71E1CE362B6005D19F0 /* Connection.swift */; };
		7D77D7211CE362B7005D19F0 /* Element.swift in Sources */ = {isa = PBXBuildFile; fileRef = 7D77D71F1CE362B7005D19F0 /* Element.swift */; };
		7DD2C3F81CE4AE1F00BD5F39 /* arrow.png in Resources */ = {isa = PBXBuildFile; fileRef = 7DD2C3F01CE4AE1F00BD5F39 /* arrow.png */; };
		7DD2C3F91CE4AE1F00BD5F39 /* bubble.png in Resources */ = {isa = PBXBuildFile; fileRef = 7DD2C3F11CE4AE1F00BD5F39 /* bubble.png */; };
		7DD2C3FA1CE4AE1F00BD5F39 /* conn.png in Resources */ = {isa = PBXBuildFile; fileRef = 7DD2C3F21CE4AE1F00BD5F39 /* conn.png */; };
		7DD2C3FB1CE4AE1F00BD5F39 /* delete.png in Resources */ = {isa = PBXBuildFile; fileRef = 7DD2C3F31CE4AE1F00BD5F39 /* delete.png */; };
		7DD2C3FC1CE4AE1F00BD5F39 /* statem.png in Resources */ = {isa = PBXBuildFile; fileRef = 7DD2C3F41CE4AE1F00BD5F39 /* statem.png */; };
		7DD2C3FD1CE4AE1F00BD5F39 /* store.png in Resources */ = {isa = PBXBuildFile; fileRef = 7DD2C3F51CE4AE1F00BD5F39 /* store.png */; };
		7DD2C3FE1CE4AE1F00BD5F39 /* term.png in Resources */ = {isa = PBXBuildFile; fileRef = 7DD2C3F61CE4AE1F00BD5F39 /* term.png */; };
		7DD2C3FF1CE4AE1F00BD5F39 /* text.png in Resources */ = {isa = PBXBuildFile; fileRef = 7DD2C3F71CE4AE1F00BD5F39 /* text.png */; };
/* End PBXBuildFile section */

/* Begin PBXContainerItemProxy section */
		7D77D7001CE36241005D19F0 /* PBXContainerItemProxy */ = {
			isa = PBXContainerItemProxy;
			containerPortal = 7D77D6E61CE36241005D19F0 /* Project object */;
			proxyType = 1;
			remoteGlobalIDString = 7D77D6ED1CE36241005D19F0;
			remoteInfo = TestDrawingView;
		};
		7D77D70B1CE36241005D19F0 /* PBXContainerItemProxy */ = {
			isa = PBXContainerItemProxy;
			containerPortal = 7D77D6E61CE36241005D19F0 /* Project object */;
			proxyType = 1;
			remoteGlobalIDString = 7D77D6ED1CE36241005D19F0;
			remoteInfo = TestDrawingView;
		};
/* End PBXContainerItemProxy section */

/* Begin PBXFileReference section */
		7D2CD0841D1ABCA100403AA7 /* NSBezierPath+Arrow.swift */ = {isa = PBXFileReference; fileEncoding = 4; lastKnownFileType = sourcecode.swift; path = "NSBezierPath+Arrow.swift"; sourceTree = "<group>"; };
		7D63EF991CEDB3E0001B5FE2 /* in.png */ = {isa = PBXFileReference; lastKnownFileType = image.png; path = in.png; sourceTree = "<group>"; };
		7D77D6EE1CE36241005D19F0 /* TestDrawingView.app */ = {isa = PBXFileReference; explicitFileType = wrapper.application; includeInIndex = 0; path = TestDrawingView.app; sourceTree = BUILT_PRODUCTS_DIR; };
		7D77D6F11CE36241005D19F0 /* AppDelegate.swift */ = {isa = PBXFileReference; lastKnownFileType = sourcecode.swift; path = AppDelegate.swift; sourceTree = "<group>"; };
		7D77D6F31CE36241005D19F0 /* ViewController.swift */ = {isa = PBXFileReference; lastKnownFileType = sourcecode.swift; path = ViewController.swift; sourceTree = "<group>"; };
		7D77D6F51CE36241005D19F0 /* Assets.xcassets */ = {isa = PBXFileReference; lastKnownFileType = folder.assetcatalog; path = Assets.xcassets; sourceTree = "<group>"; };
		7D77D6F81CE36241005D19F0 /* Base */ = {isa = PBXFileReference; lastKnownFileType = file.storyboard; name = Base; path = Base.lproj/Main.storyboard; sourceTree = "<group>"; };
		7D77D6FA1CE36241005D19F0 /* Info.plist */ = {isa = PBXFileReference; lastKnownFileType = text.plist.xml; path = Info.plist; sourceTree = "<group>"; };
		7D77D6FF1CE36241005D19F0 /* TestDrawingViewTests.xctest */ = {isa = PBXFileReference; explicitFileType = wrapper.cfbundle; includeInIndex = 0; path = TestDrawingViewTests.xctest; sourceTree = BUILT_PRODUCTS_DIR; };
		7D77D7031CE36241005D19F0 /* TestDrawingViewTests.swift */ = {isa = PBXFileReference; lastKnownFileType = sourcecode.swift; path = TestDrawingViewTests.swift; sourceTree = "<group>"; };
		7D77D7051CE36241005D19F0 /* Info.plist */ = {isa = PBXFileReference; lastKnownFileType = text.plist.xml; path = Info.plist; sourceTree = "<group>"; };
		7D77D70A1CE36241005D19F0 /* TestDrawingViewUITests.xctest */ = {isa = PBXFileReference; explicitFileType = wrapper.cfbundle; includeInIndex = 0; path = TestDrawingViewUITests.xctest; sourceTree = BUILT_PRODUCTS_DIR; };
		7D77D70E1CE36241005D19F0 /* TestDrawingViewUITests.swift */ = {isa = PBXFileReference; lastKnownFileType = sourcecode.swift; path = TestDrawingViewUITests.swift; sourceTree = "<group>"; };
		7D77D7101CE36241005D19F0 /* Info.plist */ = {isa = PBXFileReference; lastKnownFileType = text.plist.xml; path = Info.plist; sourceTree = "<group>"; };
		7D77D71C1CE36298005D19F0 /* DrawingView.swift */ = {isa = PBXFileReference; fileEncoding = 4; lastKnownFileType = sourcecode.swift; path = DrawingView.swift; sourceTree = "<group>"; };
		7D77D71E1CE362B6005D19F0 /* Connection.swift */ = {isa = PBXFileReference; fileEncoding = 4; lastKnownFileType = sourcecode.swift; path = Connection.swift; sourceTree = "<group>"; };
		7D77D71F1CE362B7005D19F0 /* Element.swift */ = {isa = PBXFileReference; fileEncoding = 4; lastKnownFileType = sourcecode.swift; path = Element.swift; sourceTree = "<group>"; };
		7DD2C3F01CE4AE1F00BD5F39 /* arrow.png */ = {isa = PBXFileReference; lastKnownFileType = image.png; path = arrow.png; sourceTree = "<group>"; };
		7DD2C3F11CE4AE1F00BD5F39 /* bubble.png */ = {isa = PBXFileReference; lastKnownFileType = image.png; path = bubble.png; sourceTree = "<group>"; };
		7DD2C3F21CE4AE1F00BD5F39 /* conn.png */ = {isa = PBXFileReference; lastKnownFileType = image.png; path = conn.png; sourceTree = "<group>"; };
		7DD2C3F31CE4AE1F00BD5F39 /* delete.png */ = {isa = PBXFileReference; lastKnownFileType = image.png; path = delete.png; sourceTree = "<group>"; };
		7DD2C3F41CE4AE1F00BD5F39 /* statem.png */ = {isa = PBXFileReference; lastKnownFileType = image.png; path = statem.png; sourceTree = "<group>"; };
		7DD2C3F51CE4AE1F00BD5F39 /* store.png */ = {isa = PBXFileReference; lastKnownFileType = image.png; path = store.png; sourceTree = "<group>"; };
		7DD2C3F61CE4AE1F00BD5F39 /* term.png */ = {isa = PBXFileReference; lastKnownFileType = image.png; path = term.png; sourceTree = "<group>"; };
		7DD2C3F71CE4AE1F00BD5F39 /* text.png */ = {isa = PBXFileReference; lastKnownFileType = image.png; path = text.png; sourceTree = "<group>"; };
/* End PBXFileReference section */

/* Begin PBXFrameworksBuildPhase section */
		7D77D6EB1CE36241005D19F0 /* Frameworks */ = {
			isa = PBXFrameworksBuildPhase;
			buildActionMask = 2147483647;
			files = (
			);
			runOnlyForDeploymentPostprocessing = 0;
		};
		7D77D6FC1CE36241005D19F0 /* Frameworks */ = {
			isa = PBXFrameworksBuildPhase;
			buildActionMask = 2147483647;
			files = (
			);
			runOnlyForDeploymentPostprocessing = 0;
		};
		7D77D7071CE36241005D19F0 /* Frameworks */ = {
			isa = PBXFrameworksBuildPhase;
			buildActionMask = 2147483647;
			files = (
			);
			runOnlyForDeploymentPostprocessing = 0;
		};
/* End PBXFrameworksBuildPhase section */

/* Begin PBXGroup section */
		7D77D6E51CE36241005D19F0 = {
			isa = PBXGroup;
			children = (
				7D77D6F01CE36241005D19F0 /* TestDrawingView */,
				7D77D7021CE36241005D19F0 /* TestDrawingViewTests */,
				7D77D70D1CE36241005D19F0 /* TestDrawingViewUITests */,
				7D77D6EF1CE36241005D19F0 /* Products */,
			);
			sourceTree = "<group>";
		};
		7D77D6EF1CE36241005D19F0 /* Products */ = {
			isa = PBXGroup;
			children = (
				7D77D6EE1CE36241005D19F0 /* TestDrawingView.app */,
				7D77D6FF1CE36241005D19F0 /* TestDrawingViewTests.xctest */,
				7D77D70A1CE36241005D19F0 /* TestDrawingViewUITests.xctest */,
			);
			name = Products;
			sourceTree = "<group>";
		};
		7D77D6F01CE36241005D19F0 /* TestDrawingView */ = {
			isa = PBXGroup;
			children = (
				7D77D6F11CE36241005D19F0 /* AppDelegate.swift */,
				7DD2C4001CE4AE2600BD5F39 /* icons */,
				7D77D6F31CE36241005D19F0 /* ViewController.swift */,
				7D77D6F51CE36241005D19F0 /* Assets.xcassets */,
				7D77D6F71CE36241005D19F0 /* Main.storyboard */,
				7D77D71C1CE36298005D19F0 /* DrawingView.swift */,
				7D77D71E1CE362B6005D19F0 /* Connection.swift */,
				7D77D71F1CE362B7005D19F0 /* Element.swift */,
				7D2CD0841D1ABCA100403AA7 /* NSBezierPath+Arrow.swift */,
				7D77D6FA1CE36241005D19F0 /* Info.plist */,
			);
			path = TestDrawingView;
			sourceTree = "<group>";
		};
		7D77D7021CE36241005D19F0 /* TestDrawingViewTests */ = {
			isa = PBXGroup;
			children = (
				7D77D7031CE36241005D19F0 /* TestDrawingViewTests.swift */,
				7D77D7051CE36241005D19F0 /* Info.plist */,
			);
			path = TestDrawingViewTests;
			sourceTree = "<group>";
		};
		7D77D70D1CE36241005D19F0 /* TestDrawingViewUITests */ = {
			isa = PBXGroup;
			children = (
				7D77D70E1CE36241005D19F0 /* TestDrawingViewUITests.swift */,
				7D77D7101CE36241005D19F0 /* Info.plist */,
			);
			path = TestDrawingViewUITests;
			sourceTree = "<group>";
		};
		7DD2C4001CE4AE2600BD5F39 /* icons */ = {
			isa = PBXGroup;
			children = (
				7DD2C3F01CE4AE1F00BD5F39 /* arrow.png */,
				7D63EF991CEDB3E0001B5FE2 /* in.png */,
				7DD2C3F11CE4AE1F00BD5F39 /* bubble.png */,
				7DD2C3F21CE4AE1F00BD5F39 /* conn.png */,
				7DD2C3F31CE4AE1F00BD5F39 /* delete.png */,
				7DD2C3F41CE4AE1F00BD5F39 /* statem.png */,
				7DD2C3F51CE4AE1F00BD5F39 /* store.png */,
				7DD2C3F61CE4AE1F00BD5F39 /* term.png */,
				7DD2C3F71CE4AE1F00BD5F39 /* text.png */,
			);
			name = icons;
			sourceTree = "<group>";
		};
/* End PBXGroup section */

/* Begin PBXNativeTarget section */
		7D77D6ED1CE36241005D19F0 /* TestDrawingView */ = {
			isa = PBXNativeTarget;
			buildConfigurationList = 7D77D7131CE36241005D19F0 /* Build configuration list for PBXNativeTarget "TestDrawingView" */;
			buildPhases = (
				7D77D6EA1CE36241005D19F0 /* Sources */,
				7D77D6EB1CE36241005D19F0 /* Frameworks */,
				7D77D6EC1CE36241005D19F0 /* Resources */,
			);
			buildRules = (
			);
			dependencies = (
			);
			name = TestDrawingView;
			productName = TestDrawingView;
			productReference = 7D77D6EE1CE36241005D19F0 /* TestDrawingView.app */;
			productType = "com.apple.product-type.application";
		};
		7D77D6FE1CE36241005D19F0 /* TestDrawingViewTests */ = {
			isa = PBXNativeTarget;
			buildConfigurationList = 7D77D7161CE36241005D19F0 /* Build configuration list for PBXNativeTarget "TestDrawingViewTests" */;
			buildPhases = (
				7D77D6FB1CE36241005D19F0 /* Sources */,
				7D77D6FC1CE36241005D19F0 /* Frameworks */,
				7D77D6FD1CE36241005D19F0 /* Resources */,
			);
			buildRules = (
			);
			dependencies = (
				7D77D7011CE36241005D19F0 /* PBXTargetDependency */,
			);
			name = TestDrawingViewTests;
			productName = TestDrawingViewTests;
			productReference = 7D77D6FF1CE36241005D19F0 /* TestDrawingViewTests.xctest */;
			productType = "com.apple.product-type.bundle.unit-test";
		};
		7D77D7091CE36241005D19F0 /* TestDrawingViewUITests */ = {
			isa = PBXNativeTarget;
			buildConfigurationList = 7D77D7191CE36241005D19F0 /* Build configuration list for PBXNativeTarget "TestDrawingViewUITests" */;
			buildPhases = (
				7D77D7061CE36241005D19F0 /* Sources */,
				7D77D7071CE36241005D19F0 /* Frameworks */,
				7D77D7081CE36241005D19F0 /* Resources */,
			);
			buildRules = (
			);
			dependencies = (
				7D77D70C1CE36241005D19F0 /* PBXTargetDependency */,
			);
			name = TestDrawingViewUITests;
			productName = TestDrawingViewUITests;
			productReference = 7D77D70A1CE36241005D19F0 /* TestDrawingViewUITests.xctest */;
			productType = "com.apple.product-type.bundle.ui-testing";
		};
/* End PBXNativeTarget section */

/* Begin PBXProject section */
		7D77D6E61CE36241005D19F0 /* Project object */ = {
			isa = PBXProject;
			attributes = {
				LastSwiftUpdateCheck = 0730;
				LastUpgradeCheck = 0730;
				ORGANIZATIONNAME = "Friedrich HAEUPL";
				TargetAttributes = {
					7D77D6ED1CE36241005D19F0 = {
						CreatedOnToolsVersion = 7.3;
					};
					7D77D6FE1CE36241005D19F0 = {
						CreatedOnToolsVersion = 7.3;
						TestTargetID = 7D77D6ED1CE36241005D19F0;
					};
					7D77D7091CE36241005D19F0 = {
						CreatedOnToolsVersion = 7.3;
						TestTargetID = 7D77D6ED1CE36241005D19F0;
					};
				};
			};
			buildConfigurationList = 7D77D6E91CE36241005D19F0 /* Build configuration list for PBXProject "TestDrawingView" */;
			compatibilityVersion = "Xcode 3.2";
			developmentRegion = English;
			hasScannedForEncodings = 0;
			knownRegions = (
				en,
				Base,
			);
			mainGroup = 7D77D6E51CE36241005D19F0;
			productRefGroup = 7D77D6EF1CE36241005D19F0 /* Products */;
			projectDirPath = "";
			projectRoot = "";
			targets = (
				7D77D6ED1CE36241005D19F0 /* TestDrawingView */,
				7D77D6FE1CE36241005D19F0 /* TestDrawingViewTests */,
				7D77D7091CE36241005D19F0 /* TestDrawingViewUITests */,
			);
		};
/* End PBXProject section */

/* Begin PBXResourcesBuildPhase section */
		7D77D6EC1CE36241005D19F0 /* Resources */ = {
			isa = PBXResourcesBuildPhase;
			buildActionMask = 2147483647;
			files = (
				7DD2C3FB1CE4AE1F00BD5F39 /* delete.png in Resources */,
				7DD2C3FD1CE4AE1F00BD5F39 /* store.png in Resources */,
				7DD2C3FE1CE4AE1F00BD5F39 /* term.png in Resources */,
				7D63EF9A1CEDB3E0001B5FE2 /* in.png in Resources */,
				7D77D6F61CE36241005D19F0 /* Assets.xcassets in Resources */,
				7DD2C3FA1CE4AE1F00BD5F39 /* conn.png in Resources */,
				7DD2C3FC1CE4AE1F00BD5F39 /* statem.png in Resources */,
				7DD2C3FF1CE4AE1F00BD5F39 /* text.png in Resources */,
				7DD2C3F91CE4AE1F00BD5F39 /* bubble.png in Resources */,
				7DD2C3F81CE4AE1F00BD5F39 /* arrow.png in Resources */,
				7D77D6F91CE36241005D19F0 /* Main.storyboard in Resources */,
			);
			runOnlyForDeploymentPostprocessing = 0;
		};
		7D77D6FD1CE36241005D19F0 /* Resources */ = {
			isa = PBXResourcesBuildPhase;
			buildActionMask = 2147483647;
			files = (
			);
			runOnlyForDeploymentPostprocessing = 0;
		};
		7D77D7081CE36241005D19F0 /* Resources */ = {
			isa = PBXResourcesBuildPhase;
			buildActionMask = 2147483647;
			files = (
			);
			runOnlyForDeploymentPostprocessing = 0;
		};
/* End PBXResourcesBuildPhase section */

/* Begin PBXSourcesBuildPhase section */
		7D77D6EA1CE36241005D19F0 /* Sources */ = {
			isa = PBXSourcesBuildPhase;
			buildActionMask = 2147483647;
			files = (
				7D77D71D1CE36298005D19F0 /* DrawingView.swift in Sources */,
				7D77D6F41CE36241005D19F0 /* ViewController.swift in Sources */,
				7D77D6F21CE36241005D19F0 /* AppDelegate.swift in Sources */,
				7D77D7201CE362B7005D19F0 /* Connection.swift in Sources */,
				7D2CD0851D1ABCA100403AA7 /* NSBezierPath+Arrow.swift in Sources */,
				7D77D7211CE362B7005D19F0 /* Element.swift in Sources */,
			);
			runOnlyForDeploymentPostprocessing = 0;
		};
		7D77D6FB1CE36241005D19F0 /* Sources */ = {
			isa = PBXSourcesBuildPhase;
			buildActionMask = 2147483647;
			files = (
				7D77D7041CE36241005D19F0 /* TestDrawingViewTests.swift in Sources */,
			);
			runOnlyForDeploymentPostprocessing = 0;
		};
		7D77D7061CE36241005D19F0 /* Sources */ = {
			isa = PBXSourcesBuildPhase;
			buildActionMask = 2147483647;
			files = (
				7D77D70F1CE36241005D19F0 /* TestDrawingViewUITests.swift in Sources */,
			);
			runOnlyForDeploymentPostprocessing = 0;
		};
/* End PBXSourcesBuildPhase section */

/* Begin PBXTargetDependency section */
		7D77D7011CE36241005D19F0 /* PBXTargetDependency */ = {
			isa = PBXTargetDependency;
			target = 7D77D6ED1CE36241005D19F0 /* TestDrawingView */;
			targetProxy = 7D77D7001CE36241005D19F0 /* PBXContainerItemProxy */;
		};
		7D77D70C1CE36241005D19F0 /* PBXTargetDependency */ = {
			isa = PBXTargetDependency;
			target = 7D77D6ED1CE36241005D19F0 /* TestDrawingView */;
			targetProxy = 7D77D70B1CE36241005D19F0 /* PBXContainerItemProxy */;
		};
/* End PBXTargetDependency section */

/* Begin PBXVariantGroup section */
		7D77D6F71CE36241005D19F0 /* Main.storyboard */ = {
			isa = PBXVariantGroup;
			children = (
				7D77D6F81CE36241005D19F0 /* Base */,
			);
			name = Main.storyboard;
			sourceTree = "<group>";
		};
/* End PBXVariantGroup section */

/* Begin XCBuildConfiguration section */
		7D77D7111CE36241005D19F0 /* Debug */ = {
			isa = XCBuildConfiguration;
			buildSettings = {
				ALWAYS_SEARCH_USER_PATHS = NO;
				CLANG_ANALYZER_NONNULL = YES;
				CLANG_CXX_LANGUAGE_STANDARD = "gnu++0x";
				CLANG_CXX_LIBRARY = "libc++";
				CLANG_ENABLE_MODULES = YES;
				CLANG_ENABLE_OBJC_ARC = YES;
				CLANG_WARN_BOOL_CONVERSION = YES;
				CLANG_WARN_CONSTANT_CONVERSION = YES;
				CLANG_WARN_DIRECT_OBJC_ISA_USAGE = YES_ERROR;
				CLANG_WARN_EMPTY_BODY = YES;
				CLANG_WARN_ENUM_CONVERSION = YES;
				CLANG_WARN_INT_CONVERSION = YES;
				CLANG_WARN_OBJC_ROOT_CLASS = YES_ERROR;
				CLANG_WARN_UNREACHABLE_CODE = YES;
				CLANG_WARN__DUPLICATE_METHOD_MATCH = YES;
				CODE_SIGN_IDENTITY = "-";
				COPY_PHASE_STRIP = NO;
				DEBUG_INFORMATION_FORMAT = dwarf;
				ENABLE_STRICT_OBJC_MSGSEND = YES;
				ENABLE_TESTABILITY = YES;
				GCC_C_LANGUAGE_STANDARD = gnu99;
				GCC_DYNAMIC_NO_PIC = NO;
				GCC_NO_COMMON_BLOCKS = YES;
				GCC_OPTIMIZATION_LEVEL = 0;
				GCC_PREPROCESSOR_DEFINITIONS = (
					"DEBUG=1",
					"$(inherited)",
				);
				GCC_WARN_64_TO_32_BIT_CONVERSION = YES;
				GCC_WARN_ABOUT_RETURN_TYPE = YES_ERROR;
				GCC_WARN_UNDECLARED_SELECTOR = YES;
				GCC_WARN_UNINITIALIZED_AUTOS = YES_AGGRESSIVE;
				GCC_WARN_UNUSED_FUNCTION = YES;
				GCC_WARN_UNUSED_VARIABLE = YES;
				MACOSX_DEPLOYMENT_TARGET = 10.11;
				MTL_ENABLE_DEBUG_INFO = YES;
				ONLY_ACTIVE_ARCH = YES;
				SDKROOT = macosx;
				SWIFT_OPTIMIZATION_LEVEL = "-Onone";
			};
			name = Debug;
		};
		7D77D7121CE36241005D19F0 /* Release */ = {
			isa = XCBuildConfiguration;
			buildSettings = {
				ALWAYS_SEARCH_USER_PATHS = NO;
				CLANG_ANALYZER_NONNULL = YES;
				CLANG_CXX_LANGUAGE_STANDARD = "gnu++0x";
				CLANG_CXX_LIBRARY = "libc++";
				CLANG_ENABLE_MODULES = YES;
				CLANG_ENABLE_OBJC_ARC = YES;
				CLANG_WARN_BOOL_CONVERSION = YES;
				CLANG_WARN_CONSTANT_CONVERSION = YES;
				CLANG_WARN_DIRECT_OBJC_ISA_USAGE = YES_ERROR;
				CLANG_WARN_EMPTY_BODY = YES;
				CLANG_WARN_ENUM_CONVERSION = YES;
				CLANG_WARN_INT_CONVERSION = YES;
				CLANG_WARN_OBJC_ROOT_CLASS = YES_ERROR;
				CLANG_WARN_UNREACHABLE_CODE = YES;
				CLANG_WARN__DUPLICATE_METHOD_MATCH = YES;
				CODE_SIGN_IDENTITY = "-";
				COPY_PHASE_STRIP = NO;
				DEBUG_INFORMATION_FORMAT = "dwarf-with-dsym";
				ENABLE_NS_ASSERTIONS = NO;
				ENABLE_STRICT_OBJC_MSGSEND = YES;
				GCC_C_LANGUAGE_STANDARD = gnu99;
				GCC_NO_COMMON_BLOCKS = YES;
				GCC_WARN_64_TO_32_BIT_CONVERSION = YES;
				GCC_WARN_ABOUT_RETURN_TYPE = YES_ERROR;
				GCC_WARN_UNDECLARED_SELECTOR = YES;
				GCC_WARN_UNINITIALIZED_AUTOS = YES_AGGRESSIVE;
				GCC_WARN_UNUSED_FUNCTION = YES;
				GCC_WARN_UNUSED_VARIABLE = YES;
				MACOSX_DEPLOYMENT_TARGET = 10.11;
				MTL_ENABLE_DEBUG_INFO = NO;
				SDKROOT = macosx;
			};
			name = Release;
		};
		7D77D7141CE36241005D19F0 /* Debug */ = {
			isa = XCBuildConfiguration;
			buildSettings = {
				ASSETCATALOG_COMPILER_APPICON_NAME = AppIcon;
				COMBINE_HIDPI_IMAGES = YES;
				INFOPLIST_FILE = TestDrawingView/Info.plist;
				LD_RUNPATH_SEARCH_PATHS = "$(inherited) @executable_path/../Frameworks";
				PRODUCT_BUNDLE_IDENTIFIER = "com.best-of-fritz.test.TestDrawingView";
				PRODUCT_NAME = "$(TARGET_NAME)";
			};
			name = Debug;
		};
		7D77D7151CE36241005D19F0 /* Release */ = {
			isa = XCBuildConfiguration;
			buildSettings = {
				ASSETCATALOG_COMPILER_APPICON_NAME = AppIcon;
				COMBINE_HIDPI_IMAGES = YES;
				INFOPLIST_FILE = TestDrawingView/Info.plist;
				LD_RUNPATH_SEARCH_PATHS = "$(inherited) @executable_path/../Frameworks";
				PRODUCT_BUNDLE_IDENTIFIER = "com.best-of-fritz.test.TestDrawingView";
				PRODUCT_NAME = "$(TARGET_NAME)";
			};
			name = Release;
		};
		7D77D7171CE36241005D19F0 /* Debug */ = {
			isa = XCBuildConfiguration;
			buildSettings = {
				BUNDLE_LOADER = "$(TEST_HOST)";
				COMBINE_HIDPI_IMAGES = YES;
				INFOPLIST_FILE = TestDrawingViewTests/Info.plist;
				LD_RUNPATH_SEARCH_PATHS = "$(inherited) @executable_path/../Frameworks @loader_path/../Frameworks";
				PRODUCT_BUNDLE_IDENTIFIER = "com.best-of-fritz.test.TestDrawingViewTests";
				PRODUCT_NAME = "$(TARGET_NAME)";
				TEST_HOST = "$(BUILT_PRODUCTS_DIR)/TestDrawingView.app/Contents/MacOS/TestDrawingView";
			};
			name = Debug;
		};
		7D77D7181CE36241005D19F0 /* Release */ = {
			isa = XCBuildConfiguration;
			buildSettings = {
				BUNDLE_LOADER = "$(TEST_HOST)";
				COMBINE_HIDPI_IMAGES = YES;
				INFOPLIST_FILE = TestDrawingViewTests/Info.plist;
				LD_RUNPATH_SEARCH_PATHS = "$(inherited) @executable_path/../Frameworks @loader_path/../Frameworks";
				PRODUCT_BUNDLE_IDENTIFIER = "com.best-of-fritz.test.TestDrawingViewTests";
				PRODUCT_NAME = "$(TARGET_NAME)";
				TEST_HOST = "$(BUILT_PRODUCTS_DIR)/TestDrawingView.app/Contents/MacOS/TestDrawingView";
			};
			name = Release;
		};
		7D77D71A1CE36241005D19F0 /* Debug */ = {
			isa = XCBuildConfiguration;
			buildSettings = {
				COMBINE_HIDPI_IMAGES = YES;
				INFOPLIST_FILE = TestDrawingViewUITests/Info.plist;
				LD_RUNPATH_SEARCH_PATHS = "$(inherited) @executable_path/../Frameworks @loader_path/../Frameworks";
				PRODUCT_BUNDLE_IDENTIFIER = "com.best-of-fritz.test.TestDrawingViewUITests";
				PRODUCT_NAME = "$(TARGET_NAME)";
				TEST_TARGET_NAME = TestDrawingView;
			};
			name = Debug;
		};
		7D77D71B1CE36241005D19F0 /* Release */ = {
			isa = XCBuildConfiguration;
			buildSettings = {
				COMBINE_HIDPI_IMAGES = YES;
				INFOPLIST_FILE = TestDrawingViewUITests/Info.plist;
				LD_RUNPATH_SEARCH_PATHS = "$(inherited) @executable_path/../Frameworks @loader_path/../Frameworks";
				PRODUCT_BUNDLE_IDENTIFIER = "com.best-of-fritz.test.TestDrawingViewUITests";
				PRODUCT_NAME = "$(TARGET_NAME)";
				TEST_TARGET_NAME = TestDrawingView;
			};
			name = Release;
		};
/* End XCBuildConfiguration section */

/* Begin XCConfigurationList section */
		7D77D6E91CE36241005D19F0 /* Build configuration list for PBXProject "TestDrawingView" */ = {
			isa = XCConfigurationList;
			buildConfigurations = (
				7D77D7111CE36241005D19F0 /* Debug */,
				7D77D7121CE36241005D19F0 /* Release */,
			);
			defaultConfigurationIsVisible = 0;
			defaultConfigurationName = Release;
		};
		7D77D7131CE36241005D19F0 /* Build configuration list for PBXNativeTarget "TestDrawingView" */ = {
			isa = XCConfigurationList;
			buildConfigurations = (
				7D77D7141CE36241005D19F0 /* Debug */,
				7D77D7151CE36241005D19F0 /* Release */,
			);
			defaultConfigurationIsVisible = 0;
			defaultConfigurationName = Release;
		};
		7D77D7161CE36241005D19F0 /* Build configuration list for PBXNativeTarget "TestDrawingViewTests" */ = {
			isa = XCConfigurationList;
			buildConfigurations = (
				7D77D7171CE36241005D19F0 /* Debug */,
				7D77D7181CE36241005D19F0 /* Release */,
			);
			defaultConfigurationIsVisible = 0;
			defaultConfigurationName = Release;
		};
		7D77D7191CE36241005D19F0 /* Build configuration list for PBXNativeTarget "TestDrawingViewUITests" */ = {
			isa = XCConfigurationList;
			buildConfigurations = (
				7D77D71A1CE36241005D19F0 /* Debug */,
				7D77D71B1CE36241005D19F0 /* Release */,
			);
			defaultConfigurationIsVisible = 0;
			defaultConfigurationName = Release;
		};
/* End XCConfigurationList section */
	};
	rootObject = 7D77D6E61CE36241005D19F0 /* Project object */;
}
